
Microsoft Visual Studio Solution File, Format Version 12.00
# Visual Studio 15
VisualStudioVersion = 15.0.27004.2005
MinimumVisualStudioVersion = 10.0.40219.1
Project("{FAE04EC0-301F-11D3-BF4B-00C04F79EFBC}") = "MusicShop", "MusicShop\MusicShop.csproj", "{2C6EA494-FA20-4ACB-9704-BC00E9F63BD4}"
EndProject
Project("{FAE04EC0-301F-11D3-BF4B-00C04F79EFBC}") = "MusicShop.Tests", "MusicShop.Tests\MusicShop.Tests.csproj", "{FE7C5E38-03D8-47AB-AABB-36FCC8EE478E}"
EndProject
Global
	GlobalSection(SolutionConfigurationPlatforms) = preSolution
		Debug|Any CPU = Debug|Any CPU
		Release|Any CPU = Release|Any CPU
	EndGlobalSection
	GlobalSection(ProjectConfigurationPlatforms) = postSolution
		{2C6EA494-FA20-4ACB-9704-BC00E9F63BD4}.Debug|Any CPU.ActiveCfg = Debug|Any CPU
		{2C6EA494-FA20-4ACB-9704-BC00E9F63BD4}.Debug|Any CPU.Build.0 = Debug|Any CPU
		{2C6EA494-FA20-4ACB-9704-BC00E9F63BD4}.Release|Any CPU.ActiveCfg = Release|Any CPU
		{2C6EA494-FA20-4ACB-9704-BC00E9F63BD4}.Release|Any CPU.Build.0 = Release|Any CPU
		{FE7C5E38-03D8-47AB-AABB-36FCC8EE478E}.Debug|Any CPU.ActiveCfg = Debug|Any CPU
		{FE7C5E38-03D8-47AB-AABB-36FCC8EE478E}.Debug|Any CPU.Build.0 = Debug|Any CPU
		{FE7C5E38-03D8-47AB-AABB-36FCC8EE478E}.Release|Any CPU.ActiveCfg = Release|Any CPU
		{FE7C5E38-03D8-47AB-AABB-36FCC8EE478E}.Release|Any CPU.Build.0 = Release|Any CPU
	EndGlobalSection
	GlobalSection(SolutionProperties) = preSolution
		HideSolutionNode = FALSE
	EndGlobalSection
	GlobalSection(ExtensibilityGlobals) = postSolution
		SolutionGuid = {0BE470CF-8F83-4C12-98BA-A6732ED73C09}
	EndGlobalSection
EndGlobal
